
Microsoft Visual Studio Solution File, Format Version 12.00
# Visual Studio Version 16
VisualStudioVersion = 16.0.29009.5
MinimumVisualStudioVersion = 10.0.40219.1
Project("{2150E333-8FDC-42A3-9474-1A3956D46DE8}") = "src", "src", "{37784CCE-21E0-4962-A50A-8284F7167A3F}"
EndProject
Project("{2150E333-8FDC-42A3-9474-1A3956D46DE8}") = "tests", "tests", "{C173B162-9AC3-4C76-8DB0-246910A5CAB1}"
EndProject
Project("{9A19103F-16F7-4668-BE54-9A1E7A4F7556}") = "Ventura", "src\Ventura\Ventura.csproj", "{55A490EF-A122-4EBE-9D43-345CD9120C32}"
EndProject
Project("{9A19103F-16F7-4668-BE54-9A1E7A4F7556}") = "Ventura.Tests", "test\Ventura.Tests\Ventura.Tests.csproj", "{4A13D18D-F400-487E-BF5A-0353EF96A26D}"
EndProject
Project("{FAE04EC0-301F-11D3-BF4B-00C04F79EFBC}") = "Ventura.Tests.Visualisation", "test\Ventura.Tests.Visualisation\Ventura.Tests.Visualisation.csproj", "{A69C5402-3678-446E-ABC0-C8BAC617F61D}"
EndProject
Project("{9A19103F-16F7-4668-BE54-9A1E7A4F7556}") = "Ventura.Cli", "src\Ventura.Cli\Ventura.Cli.csproj", "{720198E8-FCEE-42E9-B97A-6D33DD373579}"
EndProject
Project("{2150E333-8FDC-42A3-9474-1A3956D46DE8}") = "Solution items", "Solution items", "{B0F291E2-82E9-4CB9-9016-C541609D01D5}"
	ProjectSection(SolutionItems) = preProject
		build\.travis.yml = build\.travis.yml
		build\Dockerfile = build\Dockerfile
		README.md = README.md
	EndProjectSection
EndProject
Global
	GlobalSection(SolutionConfigurationPlatforms) = preSolution
		Debug|Any CPU = Debug|Any CPU
		Release|Any CPU = Release|Any CPU
	EndGlobalSection
	GlobalSection(ProjectConfigurationPlatforms) = postSolution
		{55A490EF-A122-4EBE-9D43-345CD9120C32}.Debug|Any CPU.ActiveCfg = Debug|Any CPU
		{55A490EF-A122-4EBE-9D43-345CD9120C32}.Debug|Any CPU.Build.0 = Debug|Any CPU
		{55A490EF-A122-4EBE-9D43-345CD9120C32}.Release|Any CPU.ActiveCfg = Release|Any CPU
		{55A490EF-A122-4EBE-9D43-345CD9120C32}.Release|Any CPU.Build.0 = Release|Any CPU
		{4A13D18D-F400-487E-BF5A-0353EF96A26D}.Debug|Any CPU.ActiveCfg = Debug|Any CPU
		{4A13D18D-F400-487E-BF5A-0353EF96A26D}.Debug|Any CPU.Build.0 = Debug|Any CPU
		{4A13D18D-F400-487E-BF5A-0353EF96A26D}.Release|Any CPU.ActiveCfg = Release|Any CPU
		{4A13D18D-F400-487E-BF5A-0353EF96A26D}.Release|Any CPU.Build.0 = Release|Any CPU
		{A69C5402-3678-446E-ABC0-C8BAC617F61D}.Debug|Any CPU.ActiveCfg = Debug|Any CPU
		{A69C5402-3678-446E-ABC0-C8BAC617F61D}.Debug|Any CPU.Build.0 = Debug|Any CPU
		{A69C5402-3678-446E-ABC0-C8BAC617F61D}.Release|Any CPU.ActiveCfg = Release|Any CPU
		{A69C5402-3678-446E-ABC0-C8BAC617F61D}.Release|Any CPU.Build.0 = Release|Any CPU
		{720198E8-FCEE-42E9-B97A-6D33DD373579}.Debug|Any CPU.ActiveCfg = Debug|Any CPU
		{720198E8-FCEE-42E9-B97A-6D33DD373579}.Debug|Any CPU.Build.0 = Debug|Any CPU
		{720198E8-FCEE-42E9-B97A-6D33DD373579}.Release|Any CPU.ActiveCfg = Release|Any CPU
		{720198E8-FCEE-42E9-B97A-6D33DD373579}.Release|Any CPU.Build.0 = Release|Any CPU
	EndGlobalSection
	GlobalSection(SolutionProperties) = preSolution
		HideSolutionNode = FALSE
	EndGlobalSection
	GlobalSection(NestedProjects) = preSolution
		{55A490EF-A122-4EBE-9D43-345CD9120C32} = {37784CCE-21E0-4962-A50A-8284F7167A3F}
		{4A13D18D-F400-487E-BF5A-0353EF96A26D} = {C173B162-9AC3-4C76-8DB0-246910A5CAB1}
		{A69C5402-3678-446E-ABC0-C8BAC617F61D} = {C173B162-9AC3-4C76-8DB0-246910A5CAB1}
		{720198E8-FCEE-42E9-B97A-6D33DD373579} = {37784CCE-21E0-4962-A50A-8284F7167A3F}
	EndGlobalSection
	GlobalSection(ExtensibilityGlobals) = postSolution
		SolutionGuid = {25B90593-A788-48D7-98D6-427F5B260938}
	EndGlobalSection
EndGlobal
